<?xml version="1.0" encoding="utf-8"?>
<Project ToolsVersion="4.0" xmlns="http://schemas.microsoft.com/developer/msbuild/2003">
  <ItemGroup>
    <Filter Include="源文件">
      <UniqueIdentifier>{4FC737F1-C7A5-4376-A066-2A32D752A2FF}</UniqueIdentifier>
      <Extensions>cpp;c;cc;cxx;def;odl;idl;hpj;bat;asm;asmx</Extensions>
    </Filter>
    <Filter Include="头文件">
      <UniqueIdentifier>{93995380-89BD-4b04-88EB-625FBE52EBFB}</UniqueIdentifier>
      <Extensions>h;hh;hpp;hxx;hm;inl;inc;xsd</Extensions>
    </Filter>
    <Filter Include="资源文件">
      <UniqueIdentifier>{67DA6AB6-F800-4c08-8B7A-83BB121AAD01}</UniqueIdentifier>
      <Extensions>rc;ico;cur;bmp;dlg;rc2;rct;bin;rgs;gif;jpg;jpeg;jpe;resx;tiff;tif;png;wav;mfcribbon-ms</Extensions>
    </Filter>
    <Filter Include="头文件\事件">
      <UniqueIdentifier>{c65ded25-5d0a-4943-9d75-a06adf709b00}</UniqueIdentifier>
    </Filter>
    <Filter Include="头文件\聊天">
      <UniqueIdentifier>{2cc0f095-829e-4c3a-9674-ee5cd12f3336}</UniqueIdentifier>
    </Filter>
  </ItemGroup>
  <ItemGroup>
    <ClCompile Include="..\src\CQSDKCPP\CQAPI.cpp">
      <Filter>源文件</Filter>
    </ClCompile>
    <ClCompile Include="..\src\CQSDKCPP\CQAPI_EX.cpp">
      <Filter>源文件</Filter>
    </ClCompile>
    <ClCompile Include="..\src\CQSDKCPP\CQEVE.cpp">
      <Filter>源文件</Filter>
    </ClCompile>
    <ClCompile Include="..\src\CQSDKCPP\CQmsgcode.cpp">
      <Filter>源文件</Filter>
    </ClCompile>
    <ClCompile Include="..\src\CQSDKCPP\CQstream.cpp">
      <Filter>源文件</Filter>
    </ClCompile>
    <ClCompile Include="..\src\CQSDKCPP\CQTools.cpp">
      <Filter>源文件</Filter>
    </ClCompile>
    <ClCompile Include="..\src\CQSDKCPP\Unpack.cpp">
      <Filter>源文件</Filter>
    </ClCompile>
    <ClCompile Include="..\src\CQSDKCPP\debug.cpp">
      <Filter>源文件</Filter>
    </ClCompile>
  </ItemGroup>
  <ItemGroup>
    <ClInclude Include="..\src\CQSDK\bufstream.h">
      <Filter>头文件</Filter>
    </ClInclude>
    <ClInclude Include="..\src\CQSDK\CQAPI.h">
      <Filter>头文件</Filter>
    </ClInclude>
    <ClInclude Include="..\src\CQSDK\CQAPI_EX.h">
      <Filter>头文件</Filter>
    </ClInclude>
    <ClInclude Include="..\src\CQSDK\CQconstant.h">
      <Filter>头文件</Filter>
    </ClInclude>
    <ClInclude Include="..\src\CQSDK\cqdefine.h">
      <Filter>头文件</Filter>
    </ClInclude>
    <ClInclude Include="..\src\CQSDK\CQLogger.h">
      <Filter>头文件</Filter>
    </ClInclude>
    <ClInclude Include="..\src\CQSDK\CQTools.h">
      <Filter>头文件</Filter>
    </ClInclude>
    <ClInclude Include="..\src\CQSDK\Unpack.h">
      <Filter>头文件</Filter>
    </ClInclude>
    <ClInclude Include="..\src\CQSDK\CQEVE.h">
      <Filter>头文件\事件</Filter>
    </ClInclude>
    <ClInclude Include="..\src\CQSDK\CQEVE_ALL.h">
      <Filter>头文件\事件</Filter>
    </ClInclude>
    <ClInclude Include="..\src\CQSDK\CQEVE_DiscussMsg.h">
      <Filter>头文件\事件</Filter>
    </ClInclude>
    <ClInclude Include="..\src\CQSDK\CQEVE_FriendAdd.h">
      <Filter>头文件\事件</Filter>
    </ClInclude>
    <ClInclude Include="..\src\CQSDK\CQEVE_GroupMsg.h">
      <Filter>头文件\事件</Filter>
    </ClInclude>
    <ClInclude Include="..\src\CQSDK\CQEVE_PrivateMsg.h">
      <Filter>头文件\事件</Filter>
    </ClInclude>
    <ClInclude Include="..\src\CQSDK\CQEVE_RequestAddFriend.h">
      <Filter>头文件\事件</Filter>
    </ClInclude>
    <ClInclude Include="..\src\CQSDK\CQEVE_RequestAddGroup.h">
      <Filter>头文件\事件</Filter>
    </ClInclude>
    <ClInclude Include="..\src\CQSDK\CQEVE_Status.h">
      <Filter>头文件\事件</Filter>
    </ClInclude>
    <ClInclude Include="..\src\CQSDK\CQEVEBasic.h">
      <Filter>头文件\事件</Filter>
    </ClInclude>
    <ClInclude Include="..\src\CQSDK\CQEVEMsg.h">
      <Filter>头文件\事件</Filter>
    </ClInclude>
    <ClInclude Include="..\src\CQSDK\CQEVERequest.h">
      <Filter>头文件\事件</Filter>
    </ClInclude>
    <ClInclude Include="..\src\CQSDK\CQface.h">
      <Filter>头文件\聊天</Filter>
    </ClInclude>
    <ClInclude Include="..\src\CQSDK\CQMsgCode.h">
      <Filter>头文件\聊天</Filter>
    </ClInclude>
    <ClInclude Include="..\src\CQSDK\CQMsgSend.h">
      <Filter>头文件\聊天</Filter>
    </ClInclude>
  </ItemGroup>
  <ItemGroup>
    <Library Include="..\res\CQP.lib">
      <Filter>资源文件</Filter>
    </Library>
  </ItemGroup>
</Project>