<?xml version="1.0" encoding="utf-8"?>
<Project ToolsVersion="4.0" xmlns="http://schemas.microsoft.com/developer/msbuild/2003">
  <ItemGroup>
    <Filter Include="源文件">
      <UniqueIdentifier>{4FC737F1-C7A5-4376-A066-2A32D752A2FF}</UniqueIdentifier>
      <Extensions>cpp;c;cc;cxx;def;odl;idl;hpj;bat;asm;asmx</Extensions>
    </Filter>
    <Filter Include="头文件">
      <UniqueIdentifier>{93995380-89BD-4b04-88EB-625FBE52EBFB}</UniqueIdentifier>
      <Extensions>h;hh;hpp;hxx;hm;inl;inc;xsd</Extensions>
    </Filter>
    <Filter Include="资源文件">
      <UniqueIdentifier>{67DA6AB6-F800-4c08-8B7A-83BB121AAD01}</UniqueIdentifier>
      <Extensions>rc;ico;cur;bmp;dlg;rc2;rct;bin;rgs;gif;jpg;jpeg;jpe;resx;tiff;tif;png;wav;mfcribbon-ms</Extensions>
    </Filter>
    <Filter Include="头文件\CQHead">
      <UniqueIdentifier>{264cbd68-17fb-46f0-95a7-e30bd02878ac}</UniqueIdentifier>
    </Filter>
    <Filter Include="源文件\CQCPP">
      <UniqueIdentifier>{9991a6c1-3689-4b27-a14b-c09c80989141}</UniqueIdentifier>
    </Filter>
    <Filter Include="头文件\nlohmann">
      <UniqueIdentifier>{911e9211-0dd0-42ff-82bc-c6ae90928af6}</UniqueIdentifier>
    </Filter>
  </ItemGroup>
  <ItemGroup>
    <ClCompile Include="Dice.cpp">
      <Filter>源文件</Filter>
    </ClCompile>
    <ClCompile Include="dllmain.cpp">
      <Filter>源文件</Filter>
    </ClCompile>
    <ClCompile Include="RD.cpp">
      <Filter>源文件</Filter>
    </ClCompile>
    <ClCompile Include="GetRule.cpp">
      <Filter>源文件</Filter>
    </ClCompile>
    <ClCompile Include="..\CQSDKCPP\CQAPI.cpp">
      <Filter>源文件\CQCPP</Filter>
    </ClCompile>
    <ClCompile Include="..\CQSDKCPP\CQAPI_EX.cpp">
      <Filter>源文件\CQCPP</Filter>
    </ClCompile>
    <ClCompile Include="..\CQSDKCPP\CQEVE.cpp">
      <Filter>源文件\CQCPP</Filter>
    </ClCompile>
    <ClCompile Include="..\CQSDKCPP\CQstream.cpp">
      <Filter>源文件\CQCPP</Filter>
    </ClCompile>
    <ClCompile Include="..\CQSDKCPP\CQTools.cpp">
      <Filter>源文件\CQCPP</Filter>
    </ClCompile>
    <ClCompile Include="..\CQSDKCPP\Unpack.cpp">
      <Filter>源文件\CQCPP</Filter>
    </ClCompile>
    <ClCompile Include="DiceMsgSend.cpp">
      <Filter>源文件</Filter>
    </ClCompile>
    <ClCompile Include="GlobalVar.cpp">
      <Filter>源文件</Filter>
    </ClCompile>
    <ClCompile Include="EncodingConvert.cpp">
      <Filter>源文件</Filter>
    </ClCompile>
    <ClCompile Include="RandomGenerator.cpp">
      <Filter>源文件</Filter>
    </ClCompile>
    <ClCompile Include="MsgFormat.cpp">
      <Filter>源文件</Filter>
    </ClCompile>
    <ClCompile Include="DiceNetwork.cpp">
      <Filter>源文件</Filter>
    </ClCompile>
    <ClCompile Include="CardDeck.cpp">
      <Filter>源文件</Filter>
    </ClCompile>
    <ClCompile Include="DiceConsole.cpp">
      <Filter>源文件</Filter>
    </ClCompile>
    <ClCompile Include="MsgMonitor.cpp">
      <Filter>源文件</Filter>
    </ClCompile>
    <ClCompile Include="DiceCloud.cpp">
      <Filter>源文件</Filter>
    </ClCompile>
    <ClCompile Include="DiceFile.cpp">
      <Filter>源文件</Filter>
    </ClCompile>
    <ClCompile Include="CharacterCard.cpp">
      <Filter>源文件</Filter>
    </ClCompile>
    <ClCompile Include="ManagerSystem.cpp">
      <Filter>源文件</Filter>
    </ClCompile>
    <ClCompile Include="BlackListManager.cpp">
      <Filter>源文件</Filter>
    </ClCompile>
    <ClCompile Include="DiceSession.cpp">
      <Filter>源文件</Filter>
    </ClCompile>
    <ClCompile Include="DiceEvent.cpp">
      <Filter>源文件</Filter>
    </ClCompile>
    <ClCompile Include="DiceMod.cpp">
      <Filter>源文件</Filter>
    </ClCompile>
    <ClCompile Include="strExtern.cpp">
      <Filter>源文件</Filter>
    </ClCompile>
    <ClCompile Include="Jsonio.cpp">
      <Filter>源文件</Filter>
    </ClCompile>
    <ClCompile Include="DiceSchedule.cpp">
      <Filter>源文件</Filter>
    </ClCompile>
    <ClCompile Include="DiceJob.cpp">
      <Filter>源文件</Filter>
    </ClCompile>
    <ClCompile Include="DiceGUI.cpp">
      <Filter>源文件</Filter>
    </ClCompile>
    <ClCompile Include="S3PutObject.cpp">
      <Filter>源文件</Filter>
    </ClCompile>
    <ClCompile Include="DiceCensor.cpp">
      <Filter>源文件</Filter>
    </ClCompile>
  </ItemGroup>
  <ItemGroup>
    <ClInclude Include="APPINFO.h">
      <Filter>头文件</Filter>
    </ClInclude>
    <ClInclude Include="RD.h">
      <Filter>头文件</Filter>
    </ClInclude>
    <ClInclude Include="RDConstant.h">
      <Filter>头文件</Filter>
    </ClInclude>
    <ClInclude Include="GetRule.h">
      <Filter>头文件</Filter>
    </ClInclude>
    <ClInclude Include="..\CQSDK\bufstream.h">
      <Filter>头文件\CQHead</Filter>
    </ClInclude>
    <ClInclude Include="..\CQSDK\CQAPI.h">
      <Filter>头文件\CQHead</Filter>
    </ClInclude>
    <ClInclude Include="..\CQSDK\CQAPI_EX.h">
      <Filter>头文件\CQHead</Filter>
    </ClInclude>
    <ClInclude Include="..\CQSDK\CQconstant.h">
      <Filter>头文件\CQHead</Filter>
    </ClInclude>
    <ClInclude Include="..\CQSDK\cqdefine.h">
      <Filter>头文件\CQHead</Filter>
    </ClInclude>
    <ClInclude Include="..\CQSDK\CQEVE.h">
      <Filter>头文件\CQHead</Filter>
    </ClInclude>
    <ClInclude Include="..\CQSDK\CQEVE_ALL.h">
      <Filter>头文件\CQHead</Filter>
    </ClInclude>
    <ClInclude Include="..\CQSDK\CQEVE_DiscussMsg.h">
      <Filter>头文件\CQHead</Filter>
    </ClInclude>
    <ClInclude Include="..\CQSDK\CQEVE_FriendAdd.h">
      <Filter>头文件\CQHead</Filter>
    </ClInclude>
    <ClInclude Include="..\CQSDK\CQEVE_GroupMsg.h">
      <Filter>头文件\CQHead</Filter>
    </ClInclude>
    <ClInclude Include="..\CQSDK\CQEVE_PrivateMsg.h">
      <Filter>头文件\CQHead</Filter>
    </ClInclude>
    <ClInclude Include="..\CQSDK\CQEVE_RequestAddFriend.h">
      <Filter>头文件\CQHead</Filter>
    </ClInclude>
    <ClInclude Include="..\CQSDK\CQEVE_RequestAddGroup.h">
      <Filter>头文件\CQHead</Filter>
    </ClInclude>
    <ClInclude Include="..\CQSDK\CQEVE_Status.h">
      <Filter>头文件\CQHead</Filter>
    </ClInclude>
    <ClInclude Include="..\CQSDK\CQEVEBasic.h">
      <Filter>头文件\CQHead</Filter>
    </ClInclude>
    <ClInclude Include="..\CQSDK\CQEVEMsg.h">
      <Filter>头文件\CQHead</Filter>
    </ClInclude>
    <ClInclude Include="..\CQSDK\CQEVERequest.h">
      <Filter>头文件\CQHead</Filter>
    </ClInclude>
    <ClInclude Include="..\CQSDK\CQLogger.h">
      <Filter>头文件\CQHead</Filter>
    </ClInclude>
    <ClInclude Include="..\CQSDK\CQMsgSend.h">
      <Filter>头文件\CQHead</Filter>
    </ClInclude>
    <ClInclude Include="..\CQSDK\CQTools.h">
      <Filter>头文件\CQHead</Filter>
    </ClInclude>
    <ClInclude Include="..\CQSDK\Unpack.h">
      <Filter>头文件\CQHead</Filter>
    </ClInclude>
    <ClInclude Include="DiceMsgSend.h">
      <Filter>头文件</Filter>
    </ClInclude>
    <ClInclude Include="GlobalVar.h">
      <Filter>头文件</Filter>
    </ClInclude>
    <ClInclude Include="json.hpp">
      <Filter>头文件\nlohmann</Filter>
    </ClInclude>
    <ClInclude Include="EncodingConvert.h">
      <Filter>头文件</Filter>
    </ClInclude>
    <ClInclude Include="RandomGenerator.h">
      <Filter>头文件</Filter>
    </ClInclude>
    <ClInclude Include="MsgFormat.h">
      <Filter>头文件</Filter>
    </ClInclude>
    <ClInclude Include="DiceNetwork.h">
      <Filter>头文件</Filter>
    </ClInclude>
    <ClInclude Include="CardDeck.h">
      <Filter>头文件</Filter>
    </ClInclude>
    <ClInclude Include="DiceConsole.h">
      <Filter>头文件</Filter>
    </ClInclude>
    <ClInclude Include="DiceEvent.h">
      <Filter>头文件</Filter>
    </ClInclude>
    <ClInclude Include="MsgMonitor.h">
      <Filter>头文件</Filter>
    </ClInclude>
    <ClInclude Include="DiceCloud.h">
      <Filter>头文件</Filter>
    </ClInclude>
    <ClInclude Include="CharacterCard.h">
      <Filter>头文件</Filter>
    </ClInclude>
    <ClInclude Include="ManagerSystem.h">
      <Filter>头文件</Filter>
    </ClInclude>
    <ClInclude Include="DiceXMLTree.h">
      <Filter>头文件</Filter>
    </ClInclude>
    <ClInclude Include="STLExtern.hpp">
      <Filter>头文件</Filter>
    </ClInclude>
    <ClInclude Include="DiceFile.hpp">
      <Filter>头文件</Filter>
    </ClInclude>
    <ClInclude Include="DiceMod.h">
      <Filter>头文件</Filter>
    </ClInclude>
    <ClInclude Include="StrExtern.hpp">
      <Filter>头文件</Filter>
    </ClInclude>
    <ClInclude Include="Jsonio.h">
      <Filter>头文件</Filter>
    </ClInclude>
    <ClInclude Include="BlackListManager.h">
      <Filter>头文件</Filter>
    </ClInclude>
    <ClInclude Include="DiceSession.h">
      <Filter>头文件</Filter>
    </ClInclude>
    <ClInclude Include="DiceSchedule.h">
      <Filter>头文件</Filter>
    </ClInclude>
    <ClInclude Include="DiceJob.h">
      <Filter>头文件</Filter>
    </ClInclude>
    <ClInclude Include="DiceGUI.h">
      <Filter>头文件</Filter>
    </ClInclude>
    <ClInclude Include="resource.h">
      <Filter>头文件</Filter>
    </ClInclude>
    <ClInclude Include="S3PutObject.h">
      <Filter>头文件</Filter>
    </ClInclude>
    <ClInclude Include="SHKQuerier.h">
      <Filter>头文件</Filter>
    </ClInclude>
    <ClInclude Include="DiceCensor.h">
      <Filter>头文件</Filter>
    </ClInclude>
    <ClInclude Include="SHKTrie.h">
      <Filter>头文件</Filter>
    </ClInclude>
  </ItemGroup>
  <ItemGroup>
    <None Include="packages.config" />
    <None Include="ClassDiagram.cd" />
    <None Include="com.w4123.dice.json">
      <Filter>资源文件</Filter>
    </None>
  </ItemGroup>
  <ItemGroup>
    <Library Include="CQP.lib">
      <Filter>资源文件</Filter>
    </Library>
  </ItemGroup>
  <ItemGroup>
    <ResourceCompile Include="Resource.rc">
      <Filter>资源文件</Filter>
    </ResourceCompile>
  </ItemGroup>
  <ItemGroup>
    <Image Include="Dice.ico">
      <Filter>资源文件</Filter>
    </Image>
    <Image Include="DiceLogo.bmp">
      <Filter>资源文件</Filter>
    </Image>
  </ItemGroup>
</Project>